github.com/8bitdogs/ruffe v1.4.2 h1:pIcVYkzj4yRpxKvMqR+3ufpI0QPqVNnwlF/UeZ1caFk=
github.com/8bitdogs/ruffe v1.4.2/go.mod h1:+2l+IXkmFoZplXTJ8VWweJoOfIjuMJo8OaHrW4vcE8w=
github.com/antonmashko/envconf v1.4.8 h1:5CLxf2mGk4Y7egRbo6JwtriNiM96nI3cC3L6VAGEagI=
github.com/antonmashko/envconf v1.4.8/go.mod h1:8tLk5O33IWWcVlFCjN8xMCZ9u8d58cWwVejEKYIXxi0=
github.com/antonmashko/taskq v1.2.5 h1:ZTCccyTjTPQuIcO6vAaBnK8tsaDcpnKG2JDOZpaBYdY=
github.com/antonmashko/taskq v1.2.5/go.mod h1:KDb1KukdRwq6bAHbput9iphsNGcSJnakDsTvKChGyRQ=
github.com/mattn/go-colorable v0.1.14 h1:9A9LHSqF/7dyVVX6g0U9cwm9pG3kP9gSzcuIPHPsaIE=
github.com/mattn/go-colorable v0.1.14/go.mod h1:6LmQG8QLFO4G5z1gPvYEzlUgJ2wF+stgPZH1UqBm1s8=
github.com/mattn/go-isatty v0.0.22 h1:j8l17JJ9i6VGPUFUYoTUKPSgKe/83EYU2zBC7YNKMw4=
github.com/mattn/go-isatty v0.0.22/go.mod h1:ZXfXG4SQHsB/w3ZeOYbR0PrPwLy+n6xiMrJlRFqopa4=
github.com/rs/zerolog v1.35.1 h1:m7xQeoiLIiV0BCEY4Hs+j2NG4Gp2o2KPKmhnnLiazKI=
github.com/rs/zerolog v1.35.1/go.mod h1:EjML9kdfa/RMA7h/6z6pYmq1ykOuA8/mjWaEvGI+jcw=
golang.org/x/sys v0.43.0 h1:Rlag2XtaFTxp19wS8MXlJwTvoh8ArU6ezoyFsMyCTNI=
golang.org/x/sys v0.43.0/go.mod h1:4GL1E5IUh+htKOUEOaiffhrAeqysfVGipDYzABqnCmw=
gopkg.in/check.v1 v0.0.0-20161208181325-20d25e280405 h1:yhCVgyC4o1eVCa2tZl7eS0r+SDo693bJlVdllGtEeKM=
gopkg.in/check.v1 v0.0.0-20161208181325-20d25e280405/go.mod h1:Co6ibVJAznAaIkqp8huTwlJQCZ016jof/cbN4VW5Yz0=
gopkg.in/yaml.v3 v3.0.1 h1:fxVm/GzAzEWqLHuvctI91KS9hhNmmWOoWu0XTYJS7CA=
gopkg.in/yaml.v3 v3.0.1/go.mod h1:K4uyk7z7BCEPqu6E+C64Yfv1cQ7kz7rIZviUmN+EgEM=
